
Microsoft Visual Studio Solution File, Format Version 12.00
# Visual Studio Version 16
VisualStudioVersion = 16.0.30114.105
MinimumVisualStudioVersion = 10.0.40219.1
Project("{9A19103F-16F7-4668-BE54-9A1E7A4F7556}") = "BlazorApp1", "BlazorApp1\BlazorApp1.csproj", "{BDD1C85E-B048-4364-97A2-E944B3705C05}"
EndProject
Project("{FAE04EC0-301F-11D3-BF4B-00C04F79EFBC}") = "DataAccessLibrary", "DataAccessLibrary\DataAccessLibrary.csproj", "{7DB93A01-6BCD-4C23-9972-B42758C83CFF}"
EndProject
Global
	GlobalSection(SolutionConfigurationPlatforms) = preSolution
		Debug|Any CPU = Debug|Any CPU
		Release|Any CPU = Release|Any CPU
	EndGlobalSection
	GlobalSection(ProjectConfigurationPlatforms) = postSolution
		{BDD1C85E-B048-4364-97A2-E944B3705C05}.Debug|Any CPU.ActiveCfg = Debug|Any CPU
		{BDD1C85E-B048-4364-97A2-E944B3705C05}.Debug|Any CPU.Build.0 = Debug|Any CPU
		{BDD1C85E-B048-4364-97A2-E944B3705C05}.Release|Any CPU.ActiveCfg = Release|Any CPU
		{BDD1C85E-B048-4364-97A2-E944B3705C05}.Release|Any CPU.Build.0 = Release|Any CPU
		{7DB93A01-6BCD-4C23-9972-B42758C83CFF}.Debug|Any CPU.ActiveCfg = Debug|Any CPU
		{7DB93A01-6BCD-4C23-9972-B42758C83CFF}.Debug|Any CPU.Build.0 = Debug|Any CPU
		{7DB93A01-6BCD-4C23-9972-B42758C83CFF}.Release|Any CPU.ActiveCfg = Release|Any CPU
		{7DB93A01-6BCD-4C23-9972-B42758C83CFF}.Release|Any CPU.Build.0 = Release|Any CPU
	EndGlobalSection
	GlobalSection(SolutionProperties) = preSolution
		HideSolutionNode = FALSE
	EndGlobalSection
	GlobalSection(ExtensibilityGlobals) = postSolution
		SolutionGuid = {3D9C6267-DF17-4C27-9E7C-B46731F601CB}
	EndGlobalSection
EndGlobal
